Microsoft Visual Studio Solution File, Format Version 12.00
# Visual Studio Version 17
VisualStudioVersion = 17.5.2.0
MinimumVisualStudioVersion = 10.0.40219.1
Project("{2150E333-8FDC-42A3-9474-1A3956D46DE8}") = "Day02", "Day02", "{11D9B7C2-2570-C3F5-E05B-CF4D6D009798}"
EndProject
Project("{FAE04EC0-301F-11D3-BF4B-00C04F79EFBC}") = "C#-fundamentals", "Day02\C#-fundamentals\C#-fundamentals.csproj", "{46428DBB-6F58-FFF3-C36D-A3213C2AA999}"
EndProject
Global
	GlobalSection(SolutionConfigurationPlatforms) = preSolution
		Debug|Any CPU = Debug|Any CPU
		Release|Any CPU = Release|Any CPU
	EndGlobalSection
	GlobalSection(ProjectConfigurationPlatforms) = postSolution
		{46428DBB-6F58-FFF3-C36D-A3213C2AA999}.Debug|Any CPU.ActiveCfg = Debug|Any CPU
		{46428DBB-6F58-FFF3-C36D-A3213C2AA999}.Debug|Any CPU.Build.0 = Debug|Any CPU
		{46428DBB-6F58-FFF3-C36D-A3213C2AA999}.Release|Any CPU.ActiveCfg = Release|Any CPU
		{46428DBB-6F58-FFF3-C36D-A3213C2AA999}.Release|Any CPU.Build.0 = Release|Any CPU
	EndGlobalSection
	GlobalSection(SolutionProperties) = preSolution
		HideSolutionNode = FALSE
	EndGlobalSection
	GlobalSection(NestedProjects) = preSolution
		{46428DBB-6F58-FFF3-C36D-A3213C2AA999} = {11D9B7C2-2570-C3F5-E05B-CF4D6D009798}
	EndGlobalSection
	GlobalSection(ExtensibilityGlobals) = postSolution
		SolutionGuid = {DFDA6901-9FD4-4040-9F3F-FF0CD1443B10}
	EndGlobalSection
EndGlobal
